
Microsoft Visual Studio Solution File, Format Version 12.00
# Visual Studio Version 17
VisualStudioVersion = 17.0.31903.59
MinimumVisualStudioVersion = 10.0.40219.1
Project("{FAE04EC0-301F-11D3-BF4B-00C04F79EFBC}") = "SichuanMahjong.Godot", "SichuanMahjong.Godot.csproj", "{F27ADA87-A45F-4456-83CE-2A8140D56E43}"
EndProject
Project("{2150E333-8FDC-42A3-9474-1A3956D46DE8}") = "dotnet", "dotnet", "{77982F8A-D662-4837-8890-6120112C671B}"
EndProject
Project("{FAE04EC0-301F-11D3-BF4B-00C04F79EFBC}") = "AI.Core", "dotnet\AI.Core\AI.Core.csproj", "{3E28B35B-642B-48E7-B1B3-3BF70E3B1F7A}"
EndProject
Global
	GlobalSection(SolutionConfigurationPlatforms) = preSolution
		Debug|Any CPU = Debug|Any CPU
		Release|Any CPU = Release|Any CPU
	EndGlobalSection
	GlobalSection(SolutionProperties) = preSolution
		HideSolutionNode = FALSE
	EndGlobalSection
	GlobalSection(ProjectConfigurationPlatforms) = postSolution
		{F27ADA87-A45F-4456-83CE-2A8140D56E43}.Debug|Any CPU.ActiveCfg = Debug|Any CPU
		{F27ADA87-A45F-4456-83CE-2A8140D56E43}.Debug|Any CPU.Build.0 = Debug|Any CPU
		{F27ADA87-A45F-4456-83CE-2A8140D56E43}.Release|Any CPU.ActiveCfg = Debug|Any CPU
		{F27ADA87-A45F-4456-83CE-2A8140D56E43}.Release|Any CPU.Build.0 = Debug|Any CPU
		{3E28B35B-642B-48E7-B1B3-3BF70E3B1F7A}.Debug|Any CPU.ActiveCfg = Debug|Any CPU
		{3E28B35B-642B-48E7-B1B3-3BF70E3B1F7A}.Debug|Any CPU.Build.0 = Debug|Any CPU
		{3E28B35B-642B-48E7-B1B3-3BF70E3B1F7A}.Release|Any CPU.ActiveCfg = Release|Any CPU
		{3E28B35B-642B-48E7-B1B3-3BF70E3B1F7A}.Release|Any CPU.Build.0 = Release|Any CPU
	EndGlobalSection
	GlobalSection(NestedProjects) = preSolution
		{3E28B35B-642B-48E7-B1B3-3BF70E3B1F7A} = {77982F8A-D662-4837-8890-6120112C671B}
	EndGlobalSection
EndGlobal
